
Microsoft Visual Studio Solution File, Format Version 12.00
# Visual Studio Version 17
VisualStudioVersion = 17.12.35707.178 d17.12
MinimumVisualStudioVersion = 10.0.40219.1
Project("{FAE04EC0-301F-11D3-BF4B-00C04F79EFBC}") = "Vienna Client", "Vienna Client\Vienna Client.csproj", "{8823E473-69F4-4C0F-8F5E-EF8F2EAB849A}"
EndProject
Global
	GlobalSection(SolutionConfigurationPlatforms) = preSolution
		Debug|Any CPU = Debug|Any CPU
		Release|Any CPU = Release|Any CPU
	EndGlobalSection
	GlobalSection(ProjectConfigurationPlatforms) = postSolution
		{8823E473-69F4-4C0F-8F5E-EF8F2EAB849A}.Debug|Any CPU.ActiveCfg = Debug|Any CPU
		{8823E473-69F4-4C0F-8F5E-EF8F2EAB849A}.Debug|Any CPU.Build.0 = Debug|Any CPU
		{8823E473-69F4-4C0F-8F5E-EF8F2EAB849A}.Release|Any CPU.ActiveCfg = Release|Any CPU
		{8823E473-69F4-4C0F-8F5E-EF8F2EAB849A}.Release|Any CPU.Build.0 = Release|Any CPU
	EndGlobalSection
	GlobalSection(SolutionProperties) = preSolution
		HideSolutionNode = FALSE
	EndGlobalSection
EndGlobal
